
Microsoft Visual Studio Solution File, Format Version 12.00
# Visual Studio 15
VisualStudioVersion = 15.0.28307.960
MinimumVisualStudioVersion = 10.0.40219.1
Project("{FAE04EC0-301F-11D3-BF4B-00C04F79EFBC}") = "MusicShareing", "MusicShareing\MusicShareing.csproj", "{0EFD20C7-5839-4F3A-B4B4-55B0A6A973E1}"
EndProject
Global
	GlobalSection(SolutionConfigurationPlatforms) = preSolution
		Debug|Any CPU = Debug|Any CPU
		Release|Any CPU = Release|Any CPU
	EndGlobalSection
	GlobalSection(ProjectConfigurationPlatforms) = postSolution
		{0EFD20C7-5839-4F3A-B4B4-55B0A6A973E1}.Debug|Any CPU.ActiveCfg = Debug|Any CPU
		{0EFD20C7-5839-4F3A-B4B4-55B0A6A973E1}.Debug|Any CPU.Build.0 = Debug|Any CPU
		{0EFD20C7-5839-4F3A-B4B4-55B0A6A973E1}.Release|Any CPU.ActiveCfg = Release|Any CPU
		{0EFD20C7-5839-4F3A-B4B4-55B0A6A973E1}.Release|Any CPU.Build.0 = Release|Any CPU
	EndGlobalSection
	GlobalSection(SolutionProperties) = preSolution
		HideSolutionNode = FALSE
	EndGlobalSection
	GlobalSection(ExtensibilityGlobals) = postSolution
		SolutionGuid = {BA32D71F-C084-47C9-88E1-6979C32646EE}
	EndGlobalSection
EndGlobal
